// !$*UTF8*$!
{
	archiveVersion = 1;
	classes = {
	};
	objectVersion = 46;
	objects = {

/* Begin PBXBuildFile section */
		E91994901F749A880041A123 /* main.m in Sources */ = {isa = PBXBuildFile; fileRef = E919948F1F749A880041A123 /* main.m */; };
		E91994931F749A880041A123 /* AppDelegate.m in Sources */ = {isa = PBXBuildFile; fileRef = E91994921F749A880041A123 /* AppDelegate.m */; };
		E91994961F749A880041A123 /* ViewController.m in Sources */ = {isa = PBXBuildFile; fileRef = E91994951F749A880041A123 /* ViewController.m */; };
		E91994991F749A880041A123 /* Main.storyboard in Resources */ = {isa = PBXBuildFile; fileRef = E91994971F749A880041A123 /* Main.storyboard */; };
		E919949B1F749A880041A123 /* Assets.xcassets in Resources */ = {isa = PBXBuildFile; fileRef = E919949A1F749A880041A123 /* Assets.xcassets */; };
		E919949E1F749A880041A123 /* LaunchScreen.storyboard in Resources */ = {isa = PBXBuildFile; fileRef = E919949C1F749A880041A123 /* LaunchScreen.storyboard */; };
/* End PBXBuildFile section */

/* Begin PBXFileReference section */
		E919948B1F749A880041A123 /* daily_goals.app */ = {isa = PBXFileReference; explicitFileType = wrapper.application; includeInIndex = 0; path = daily_goals.app; sourceTree = BUILT_PRODUCTS_DIR; };
		E919948F1F749A880041A123 /* main.m */ = {isa = PBXFileReference; lastKnownFileType = sourcecode.c.objc; path = main.m; sourceTree = "<group>"; };
		E91994911F749A880041A123 /* AppDelegate.h */ = {isa = PBXFileReference; lastKnownFileType = sourcecode.c.h; path = AppDelegate.h; sourceTree = "<group>"; };
		E91994921F749A880041A123 /* AppDelegate.m */ = {isa = PBXFileReference; lastKnownFileType = sourcecode.c.objc; path = AppDelegate.m; sourceTree = "<group>"; };
		E91994941F749A880041A123 /* ViewController.h */ = {isa = PBXFileReference; lastKnownFileType = sourcecode.c.h; path = ViewController.h; sourceTree = "<group>"; };
		E91994951F749A880041A123 /* ViewController.m */ = {isa = PBXFileReference; lastKnownFileType = sourcecode.c.objc; path = ViewController.m; sourceTree = "<group>"; };
		E91994981F749A880041A123 /* Base */ = {isa = PBXFileReference; lastKnownFileType = file.storyboard; name = Base; path = Base.lproj/Main.storyboard; sourceTree = "<group>"; };
		E919949A1F749A880041A123 /* Assets.xcassets */ = {isa = PBXFileReference; lastKnownFileType = folder.assetcatalog; path = Assets.xcassets; sourceTree = "<group>"; };
		E919949D1F749A880041A123 /* Base */ = {isa = PBXFileReference; lastKnownFileType = file.storyboard; name = Base; path = Base.lproj/LaunchScreen.storyboard; sourceTree = "<group>"; };
		E919949F1F749A880041A123 /* Info.plist */ = {isa = PBXFileReference; lastKnownFileType = text.plist.xml; path = Info.plist; sourceTree = "<group>"; };
/* End PBXFileReference section */

/* Begin PBXFrameworksBuildPhase section */
		E91994881F749A880041A123 /* Frameworks */ = {
			isa = PBXFrameworksBuildPhase;
			buildActionMask = 2147483647;
			files = (
			);
			runOnlyForDeploymentPostprocessing = 0;
		};
/* End PBXFrameworksBuildPhase section */

/* Begin PBXGroup section */
		E91994821F749A880041A123 = {
			isa = PBXGroup;
			children = (
				E919948D1F749A880041A123 /* daily_goals */,
				E919948C1F749A880041A123 /* Products */,
			);
			sourceTree = "<group>";
		};
		E919948C1F749A880041A123 /* Products */ = {
			isa = PBXGroup;
			children = (
				E919948B1F749A880041A123 /* daily_goals.app */,
			);
			name = Products;
			sourceTree = "<group>";
		};
		E919948D1F749A880041A123 /* daily_goals */ = {
			isa = PBXGroup;
			children = (
				E91994911F749A880041A123 /* AppDelegate.h */,
				E91994921F749A880041A123 /* AppDelegate.m */,
				E91994941F749A880041A123 /* ViewController.h */,
				E91994951F749A880041A123 /* ViewController.m */,
				E91994971F749A880041A123 /* Main.storyboard */,
				E919949A1F749A880041A123 /* Assets.xcassets */,
				E919949C1F749A880041A123 /* LaunchScreen.storyboard */,
				E919949F1F749A880041A123 /* Info.plist */,
				E919948E1F749A880041A123 /* Supporting Files */,
			);
			path = daily_goals;
			sourceTree = "<group>";
		};
		E919948E1F749A880041A123 /* Supporting Files */ = {
			isa = PBXGroup;
			children = (
				E919948F1F749A880041A123 /* main.m */,
			);
			name = "Supporting Files";
			sourceTree = "<group>";
		};
/* End PBXGroup section */

/* Begin PBXNativeTarget section */
		E919948A1F749A880041A123 /* daily_goals */ = {
			isa = PBXNativeTarget;
			buildConfigurationList = E91994A21F749A880041A123 /* Build configuration list for PBXNativeTarget "daily_goals" */;
			buildPhases = (
				E91994871F749A880041A123 /* Sources */,
				E91994881F749A880041A123 /* Frameworks */,
				E91994891F749A880041A123 /* Resources */,
			);
			buildRules = (
			);
			dependencies = (
			);
			name = daily_goals;
			productName = daily_goals;
			productReference = E919948B1F749A880041A123 /* daily_goals.app */;
			productType = "com.apple.product-type.application";
		};
/* End PBXNativeTarget section */

/* Begin PBXProject section */
		E91994831F749A880041A123 /* Project object */ = {
			isa = PBXProject;
			attributes = {
				LastUpgradeCheck = 0830;
				ORGANIZATIONNAME = "李希昂";
				TargetAttributes = {
					E919948A1F749A880041A123 = {
						CreatedOnToolsVersion = 8.3.3;
						DevelopmentTeam = 6JKAXHHJR8;
						ProvisioningStyle = Automatic;
					};
				};
			};
			buildConfigurationList = E91994861F749A880041A123 /* Build configuration list for PBXProject "daily_goals" */;
			compatibilityVersion = "Xcode 3.2";
			developmentRegion = English;
			hasScannedForEncodings = 0;
			knownRegions = (
				en,
				Base,
			);
			mainGroup = E91994821F749A880041A123;
			productRefGroup = E919948C1F749A880041A123 /* Products */;
			projectDirPath = "";
			projectRoot = "";
			targets = (
				E919948A1F749A880041A123 /* daily_goals */,
			);
		};
/* End PBXProject section */

/* Begin PBXResourcesBuildPhase section */
		E91994891F749A880041A123 /* Resources */ = {
			isa = PBXResourcesBuildPhase;
			buildActionMask = 2147483647;
			files = (
				E919949E1F749A880041A123 /* LaunchScreen.storyboard in Resources */,
				E919949B1F749A880041A123 /* Assets.xcassets in Resources */,
				E91994991F749A880041A123 /* Main.storyboard in Resources */,
			);
			runOnlyForDeploymentPostprocessing = 0;
		};
/* End PBXResourcesBuildPhase section */

/* Begin PBXSourcesBuildPhase section */
		E91994871F749A880041A123 /* Sources */ = {
			isa = PBXSourcesBuildPhase;
			buildActionMask = 2147483647;
			files = (
				E91994961F749A880041A123 /* ViewController.m in Sources */,
				E91994931F749A880041A123 /* AppDelegate.m in Sources */,
				E91994901F749A880041A123 /* main.m in Sources */,
			);
			runOnlyForDeploymentPostprocessing = 0;
		};
/* End PBXSourcesBuildPhase section */

/* Begin PBXVariantGroup section */
		E91994971F749A880041A123 /* Main.storyboard */ = {
			isa = PBXVariantGroup;
			children = (
				E91994981F749A880041A123 /* Base */,
			);
			name = Main.storyboard;
			sourceTree = "<group>";
		};
		E919949C1F749A880041A123 /* LaunchScreen.storyboard */ = {
			isa = PBXVariantGroup;
			children = (
				E919949D1F749A880041A123 /* Base */,
			);
			name = LaunchScreen.storyboard;
			sourceTree = "<group>";
		};
/* End PBXVariantGroup section */

/* Begin XCBuildConfiguration section */
		E91994A01F749A880041A123 /* Debug */ = {
			isa = XCBuildConfiguration;
			buildSettings = {
				ALWAYS_SEARCH_USER_PATHS = NO;
				CLANG_ANALYZER_NONNULL = YES;
				CLANG_ANALYZER_NUMBER_OBJECT_CONVERSION = YES_AGGRESSIVE;
				CLANG_CXX_LANGUAGE_STANDARD = "gnu++0x";
				CLANG_CXX_LIBRARY = "libc++";
				CLANG_ENABLE_MODULES = YES;
				CLANG_ENABLE_OBJC_ARC = YES;
				CLANG_WARN_BOOL_CONVERSION = YES;
				CLANG_WARN_CONSTANT_CONVERSION = YES;
				CLANG_WARN_DIRECT_OBJC_ISA_USAGE = YES_ERROR;
				CLANG_WARN_DOCUMENTATION_COMMENTS = YES;
				CLANG_WARN_EMPTY_BODY = YES;
				CLANG_WARN_ENUM_CONVERSION = YES;
				CLANG_WARN_INFINITE_RECURSION = YES;
				CLANG_WARN_INT_CONVERSION = YES;
				CLANG_WARN_OBJC_ROOT_CLASS = YES_ERROR;
				CLANG_WARN_SUSPICIOUS_MOVE = YES;
				CLANG_WARN_UNREACHABLE_CODE = YES;
				CLANG_WARN__DUPLICATE_METHOD_MATCH = YES;
				"CODE_SIGN_IDENTITY[sdk=iphoneos*]" = "iPhone Developer";
				COPY_PHASE_STRIP = NO;
				DEBUG_INFORMATION_FORMAT = dwarf;
				ENABLE_STRICT_OBJC_MSGSEND = YES;
				ENABLE_TESTABILITY = YES;
				GCC_C_LANGUAGE_STANDARD = gnu99;
				GCC_DYNAMIC_NO_PIC = NO;
				GCC_NO_COMMON_BLOCKS = YES;
				GCC_OPTIMIZATION_LEVEL = 0;
				GCC_PREPROCESSOR_DEFINITIONS = (
					"DEBUG=1",
					"$(inherited)",
				);
				GCC_WARN_64_TO_32_BIT_CONVERSION = YES;
				GCC_WARN_ABOUT_RETURN_TYPE = YES_ERROR;
				GCC_WARN_UNDECLARED_SELECTOR = YES;
				GCC_WARN_UNINITIALIZED_AUTOS = YES_AGGRESSIVE;
				GCC_WARN_UNUSED_FUNCTION = YES;
				GCC_WARN_UNUSED_VARIABLE = YES;
				IPHONEOS_DEPLOYMENT_TARGET = 10.3;
				MTL_ENABLE_DEBUG_INFO = YES;
				ONLY_ACTIVE_ARCH = YES;
				SDKROOT = iphoneos;
				TARGETED_DEVICE_FAMILY = "1,2";
			};
			name = Debug;
		};
		E91994A11F749A880041A123 /* Release */ = {
			isa = XCBuildConfiguration;
			buildSettings = {
				ALWAYS_SEARCH_USER_PATHS = NO;
				CLANG_ANALYZER_NONNULL = YES;
				CLANG_ANALYZER_NUMBER_OBJECT_CONVERSION = YES_AGGRESSIVE;
				CLANG_CXX_LANGUAGE_STANDARD = "gnu++0x";
				CLANG_CXX_LIBRARY = "libc++";
				CLANG_ENABLE_MODULES = YES;
				CLANG_ENABLE_OBJC_ARC = YES;
				CLANG_WARN_BOOL_CONVERSION = YES;
				CLANG_WARN_CONSTANT_CONVERSION = YES;
				CLANG_WARN_DIRECT_OBJC_ISA_USAGE = YES_ERROR;
				CLANG_WARN_DOCUMENTATION_COMMENTS = YES;
				CLANG_WARN_EMPTY_BODY = YES;
				CLANG_WARN_ENUM_CONVERSION = YES;
				CLANG_WARN_INFINITE_RECURSION = YES;
				CLANG_WARN_INT_CONVERSION = YES;
				CLANG_WARN_OBJC_ROOT_CLASS = YES_ERROR;
				CLANG_WARN_SUSPICIOUS_MOVE = YES;
				CLANG_WARN_UNREACHABLE_CODE = YES;
				CLANG_WARN__DUPLICATE_METHOD_MATCH = YES;
				"CODE_SIGN_IDENTITY[sdk=iphoneos*]" = "iPhone Developer";
				COPY_PHASE_STRIP = NO;
				DEBUG_INFORMATION_FORMAT = "dwarf-with-dsym";
				ENABLE_NS_ASSERTIONS = NO;
				ENABLE_STRICT_OBJC_MSGSEND = YES;
				GCC_C_LANGUAGE_STANDARD = gnu99;
				GCC_NO_COMMON_BLOCKS = YES;
				GCC_WARN_64_TO_32_BIT_CONVERSION = YES;
				GCC_WARN_ABOUT_RETURN_TYPE = YES_ERROR;
				GCC_WARN_UNDECLARED_SELECTOR = YES;
				GCC_WARN_UNINITIALIZED_AUTOS = YES_AGGRESSIVE;
				GCC_WARN_UNUSED_FUNCTION = YES;
				GCC_WARN_UNUSED_VARIABLE = YES;
				IPHONEOS_DEPLOYMENT_TARGET = 10.3;
				MTL_ENABLE_DEBUG_INFO = NO;
				SDKROOT = iphoneos;
				TARGETED_DEVICE_FAMILY = "1,2";
				VALIDATE_PRODUCT = YES;
			};
			name = Release;
		};
		E91994A31F749A880041A123 /* Debug */ = {
			isa = XCBuildConfiguration;
			buildSettings = {
				ASSETCATALOG_COMPILER_APPICON_NAME = AppIcon;
				DEVELOPMENT_TEAM = 6JKAXHHJR8;
				INFOPLIST_FILE = daily_goals/Info.plist;
				LD_RUNPATH_SEARCH_PATHS = "$(inherited) @executable_path/Frameworks";
				PRODUCT_BUNDLE_IDENTIFIER = "xiangli-hustunique.com.daily-goals";
				PRODUCT_NAME = "$(TARGET_NAME)";
			};
			name = Debug;
		};
		E91994A41F749A880041A123 /* Release */ = {
			isa = XCBuildConfiguration;
			buildSettings = {
				ASSETCATALOG_COMPILER_APPICON_NAME = AppIcon;
				DEVELOPMENT_TEAM = 6JKAXHHJR8;
				INFOPLIST_FILE = daily_goals/Info.plist;
				LD_RUNPATH_SEARCH_PATHS = "$(inherited) @executable_path/Frameworks";
				PRODUCT_BUNDLE_IDENTIFIER = "xiangli-hustunique.com.daily-goals";
				PRODUCT_NAME = "$(TARGET_NAME)";
			};
			name = Release;
		};
/* End XCBuildConfiguration section */

/* Begin XCConfigurationList section */
		E91994861F749A880041A123 /* Build configuration list for PBXProject "daily_goals" */ = {
			isa = XCConfigurationList;
			buildConfigurations = (
				E91994A01F749A880041A123 /* Debug */,
				E91994A11F749A880041A123 /* Release */,
			);
			defaultConfigurationIsVisible = 0;
			defaultConfigurationName = Release;
		};
		E91994A21F749A880041A123 /* Build configuration list for PBXNativeTarget "daily_goals" */ = {
			isa = XCConfigurationList;
			buildConfigurations = (
				E91994A31F749A880041A123 /* Debug */,
				E91994A41F749A880041A123 /* Release */,
			);
			defaultConfigurationIsVisible = 0;
		};
/* End XCConfigurationList section */
	};
	rootObject = E91994831F749A880041A123 /* Project object */;
}
